Microsoft Visual Studio Solution File, Format Version 12.00
# Visual Studio Version 16
VisualStudioVersion = 16.0.0.0
MinimumVisualStudioVersion = 16.0.0.0
Project("{9A19103F-16F7-4668-BE54-9A1E7A4F7556}") = "Medieval.Server", "Server\Medieval.Server.csproj", "{3F2F8436-8801-4266-965B-3248D90686E7}"
EndProject
Project("{9A19103F-16F7-4668-BE54-9A1E7A4F7556}") = "Medieval.Client", "Client\Medieval.Client.csproj", "{379AC77D-0C5F-4B35-86BE-EEA82B97CA19}"
EndProject
Project("{9A19103F-16F7-4668-BE54-9A1E7A4F7556}") = "Medieval.Shared", "Shared\Medieval.Shared.csproj", "{1A834ADC-94ED-4E54-8A06-FAA9ADF9647E}"
EndProject
Global
	GlobalSection(SolutionConfigurationPlatforms) = preSolution
		Debug|Any CPU = Debug|Any CPU
		Debug|x64 = Debug|x64
		Debug|x86 = Debug|x86
		Release|Any CPU = Release|Any CPU
		Release|x64 = Release|x64
		Release|x86 = Release|x86
	EndGlobalSection
	GlobalSection(ProjectConfigurationPlatforms) = postSolution
		{379AC77D-0C5F-4B35-86BE-EEA82B97CA19}.Debug|Any CPU.ActiveCfg = Debug|Any CPU
		{379AC77D-0C5F-4B35-86BE-EEA82B97CA19}.Debug|Any CPU.Build.0 = Debug|Any CPU
		{379AC77D-0C5F-4B35-86BE-EEA82B97CA19}.Debug|x64.ActiveCfg = Debug|Any CPU
		{379AC77D-0C5F-4B35-86BE-EEA82B97CA19}.Debug|x64.Build.0 = Debug|Any CPU
		{379AC77D-0C5F-4B35-86BE-EEA82B97CA19}.Debug|x86.ActiveCfg = Debug|Any CPU
		{379AC77D-0C5F-4B35-86BE-EEA82B97CA19}.Debug|x86.Build.0 = Debug|Any CPU
		{379AC77D-0C5F-4B35-86BE-EEA82B97CA19}.Release|Any CPU.ActiveCfg = Release|Any CPU
		{379AC77D-0C5F-4B35-86BE-EEA82B97CA19}.Release|Any CPU.Build.0 = Release|Any CPU
		{379AC77D-0C5F-4B35-86BE-EEA82B97CA19}.Release|x64.ActiveCfg = Release|Any CPU
		{379AC77D-0C5F-4B35-86BE-EEA82B97CA19}.Release|x64.Build.0 = Release|Any CPU
		{379AC77D-0C5F-4B35-86BE-EEA82B97CA19}.Release|x86.ActiveCfg = Release|Any CPU
		{379AC77D-0C5F-4B35-86BE-EEA82B97CA19}.Release|x86.Build.0 = Release|Any CPU
		{3F2F8436-8801-4266-965B-3248D90686E7}.Debug|Any CPU.ActiveCfg = Debug|Any CPU
		{3F2F8436-8801-4266-965B-3248D90686E7}.Debug|Any CPU.Build.0 = Debug|Any CPU
		{3F2F8436-8801-4266-965B-3248D90686E7}.Debug|x64.ActiveCfg = Debug|Any CPU
		{3F2F8436-8801-4266-965B-3248D90686E7}.Debug|x64.Build.0 = Debug|Any CPU
		{3F2F8436-8801-4266-965B-3248D90686E7}.Debug|x86.ActiveCfg = Debug|Any CPU
		{3F2F8436-8801-4266-965B-3248D90686E7}.Debug|x86.Build.0 = Debug|Any CPU
		{3F2F8436-8801-4266-965B-3248D90686E7}.Release|Any CPU.ActiveCfg = Release|Any CPU
		{3F2F8436-8801-4266-965B-3248D90686E7}.Release|Any CPU.Build.0 = Release|Any CPU
		{3F2F8436-8801-4266-965B-3248D90686E7}.Release|x64.ActiveCfg = Release|Any CPU
		{3F2F8436-8801-4266-965B-3248D90686E7}.Release|x64.Build.0 = Release|Any CPU
		{3F2F8436-8801-4266-965B-3248D90686E7}.Release|x86.ActiveCfg = Release|Any CPU
		{3F2F8436-8801-4266-965B-3248D90686E7}.Release|x86.Build.0 = Release|Any CPU
		{1A834ADC-94ED-4E54-8A06-FAA9ADF9647E}.Debug|Any CPU.ActiveCfg = Debug|Any CPU
		{1A834ADC-94ED-4E54-8A06-FAA9ADF9647E}.Debug|Any CPU.Build.0 = Debug|Any CPU
		{1A834ADC-94ED-4E54-8A06-FAA9ADF9647E}.Debug|x64.ActiveCfg = Debug|Any CPU
		{1A834ADC-94ED-4E54-8A06-FAA9ADF9647E}.Debug|x64.Build.0 = Debug|Any CPU
		{1A834ADC-94ED-4E54-8A06-FAA9ADF9647E}.Debug|x86.ActiveCfg = Debug|Any CPU
		{1A834ADC-94ED-4E54-8A06-FAA9ADF9647E}.Debug|x86.Build.0 = Debug|Any CPU
		{1A834ADC-94ED-4E54-8A06-FAA9ADF9647E}.Release|Any CPU.ActiveCfg = Release|Any CPU
		{1A834ADC-94ED-4E54-8A06-FAA9ADF9647E}.Release|Any CPU.Build.0 = Release|Any CPU
		{1A834ADC-94ED-4E54-8A06-FAA9ADF9647E}.Release|x64.ActiveCfg = Release|Any CPU
		{1A834ADC-94ED-4E54-8A06-FAA9ADF9647E}.Release|x64.Build.0 = Release|Any CPU
		{1A834ADC-94ED-4E54-8A06-FAA9ADF9647E}.Release|x86.ActiveCfg = Release|Any CPU
		{1A834ADC-94ED-4E54-8A06-FAA9ADF9647E}.Release|x86.Build.0 = Release|Any CPU
	EndGlobalSection
	GlobalSection(SolutionProperties) = preSolution
		HideSolutionNode = FALSE
	EndGlobalSection
	GlobalSection(ExtensibilityGlobals) = postSolution
		SolutionGuid = {39BC318A-2832-4FC6-BC1A-7271A5621D58}
	EndGlobalSection
EndGlobal